<?xml version="1.0" encoding="utf-8"?>
<Project ToolsVersion="4.0" xmlns="http://schemas.microsoft.com/developer/msbuild/2003">
  <ItemGroup>
    <Filter Include="Source Files">
      <UniqueIdentifier>{4FC737F1-C7A5-4376-A066-2A32D752A2FF}</UniqueIdentifier>
      <Extensions>cpp;c;cc;cxx;def;odl;idl;hpj;bat;asm;asmx</Extensions>
    </Filter>
    <Filter Include="Header Files">
      <UniqueIdentifier>{93995380-89BD-4b04-88EB-625FBE52EBFB}</UniqueIdentifier>
      <Extensions>h;hh;hpp;hxx;hm;inl;inc;xsd</Extensions>
    </Filter>
    <Filter Include="Resource Files">
      <UniqueIdentifier>{67DA6AB6-F800-4c08-8B7A-83BB121AAD01}</UniqueIdentifier>
      <Extensions>rc;ico;cur;bmp;dlg;rc2;rct;bin;rgs;gif;jpg;jpeg;jpe;resx;tiff;tif;png;wav;mfcribbon-ms</Extensions>
    </Filter>
  </ItemGroup>
  <ItemGroup>
    <ClCompile Include="source\main.cpp">
      <Filter>Source Files</Filter>
    </ClCompile>
    <ClCompile Include="source\thirdparty\SerialPort\SerialPort.cpp">
      <Filter>Source Files</Filter>
    </ClCompile>
    <ClCompile Include="source\core\console.cpp">
      <Filter>Source Files</Filter>
    </ClCompile>
    <ClCompile Include="source\core\logger.cpp">
      <Filter>Source Files</Filter>
    </ClCompile>
    <ClCompile Include="source\core\scheduler.cpp">
      <Filter>Source Files</Filter>
    </ClCompile>
    <ClCompile Include="source\drone\gamepad.cpp">
      <Filter>Source Files</Filter>
    </ClCompile>
    <ClCompile Include="source\drone\serial.cpp">
      <Filter>Source Files</Filter>
    </ClCompile>
    <ClCompile Include="source\drone\drone.cpp">
      <Filter>Source Files</Filter>
    </ClCompile>
  </ItemGroup>
  <ItemGroup>
    <ClInclude Include="source\core\console.hpp">
      <Filter>Header Files</Filter>
    </ClInclude>
    <ClInclude Include="source\core\logger.hpp">
      <Filter>Header Files</Filter>
    </ClInclude>
    <ClInclude Include="source\core\platform.hpp">
      <Filter>Header Files</Filter>
    </ClInclude>
    <ClInclude Include="source\thirdparty\spdlog\details\async_log_helper.h">
      <Filter>Header Files</Filter>
    </ClInclude>
    <ClInclude Include="source\thirdparty\spdlog\details\async_logger_impl.h">
      <Filter>Header Files</Filter>
    </ClInclude>
    <ClInclude Include="source\thirdparty\spdlog\details\file_helper.h">
      <Filter>Header Files</Filter>
    </ClInclude>
    <ClInclude Include="source\thirdparty\spdlog\details\log_msg.h">
      <Filter>Header Files</Filter>
    </ClInclude>
    <ClInclude Include="source\thirdparty\spdlog\details\logger_impl.h">
      <Filter>Header Files</Filter>
    </ClInclude>
    <ClInclude Include="source\thirdparty\spdlog\details\mpmc_bounded_q.h">
      <Filter>Header Files</Filter>
    </ClInclude>
    <ClInclude Include="source\thirdparty\spdlog\details\null_mutex.h">
      <Filter>Header Files</Filter>
    </ClInclude>
    <ClInclude Include="source\thirdparty\spdlog\details\os.h">
      <Filter>Header Files</Filter>
    </ClInclude>
    <ClInclude Include="source\thirdparty\spdlog\details\pattern_formatter_impl.h">
      <Filter>Header Files</Filter>
    </ClInclude>
    <ClInclude Include="source\thirdparty\spdlog\details\registry.h">
      <Filter>Header Files</Filter>
    </ClInclude>
    <ClInclude Include="source\thirdparty\spdlog\details\spdlog_impl.h">
      <Filter>Header Files</Filter>
    </ClInclude>
    <ClInclude Include="source\thirdparty\spdlog\fmt\bundled\format.h">
      <Filter>Header Files</Filter>
    </ClInclude>
    <ClInclude Include="source\thirdparty\spdlog\fmt\bundled\ostream.h">
      <Filter>Header Files</Filter>
    </ClInclude>
    <ClInclude Include="source\thirdparty\spdlog\fmt\bundled\posix.h">
      <Filter>Header Files</Filter>
    </ClInclude>
    <ClInclude Include="source\thirdparty\spdlog\fmt\bundled\printf.h">
      <Filter>Header Files</Filter>
    </ClInclude>
    <ClInclude Include="source\thirdparty\spdlog\fmt\bundled\time.h">
      <Filter>Header Files</Filter>
    </ClInclude>
    <ClInclude Include="source\thirdparty\spdlog\fmt\fmt.h">
      <Filter>Header Files</Filter>
    </ClInclude>
    <ClInclude Include="source\thirdparty\spdlog\fmt\ostr.h">
      <Filter>Header Files</Filter>
    </ClInclude>
    <ClInclude Include="source\thirdparty\spdlog\sinks\android_sink.h">
      <Filter>Header Files</Filter>
    </ClInclude>
    <ClInclude Include="source\thirdparty\spdlog\sinks\ansicolor_sink.h">
      <Filter>Header Files</Filter>
    </ClInclude>
    <ClInclude Include="source\thirdparty\spdlog\sinks\base_sink.h">
      <Filter>Header Files</Filter>
    </ClInclude>
    <ClInclude Include="source\thirdparty\spdlog\sinks\dist_sink.h">
      <Filter>Header Files</Filter>
    </ClInclude>
    <ClInclude Include="source\thirdparty\spdlog\sinks\file_sinks.h">
      <Filter>Header Files</Filter>
    </ClInclude>
    <ClInclude Include="source\thirdparty\spdlog\sinks\msvc_sink.h">
      <Filter>Header Files</Filter>
    </ClInclude>
    <ClInclude Include="source\thirdparty\spdlog\sinks\null_sink.h">
      <Filter>Header Files</Filter>
    </ClInclude>
    <ClInclude Include="source\thirdparty\spdlog\sinks\ostream_sink.h">
      <Filter>Header Files</Filter>
    </ClInclude>
    <ClInclude Include="source\thirdparty\spdlog\sinks\sink.h">
      <Filter>Header Files</Filter>
    </ClInclude>
    <ClInclude Include="source\thirdparty\spdlog\sinks\stdout_sinks.h">
      <Filter>Header Files</Filter>
    </ClInclude>
    <ClInclude Include="source\thirdparty\spdlog\sinks\syslog_sink.h">
      <Filter>Header Files</Filter>
    </ClInclude>
    <ClInclude Include="source\thirdparty\spdlog\sinks\wincolor_sink.h">
      <Filter>Header Files</Filter>
    </ClInclude>
    <ClInclude Include="source\thirdparty\spdlog\sinks\windebug_sink.h">
      <Filter>Header Files</Filter>
    </ClInclude>
    <ClInclude Include="source\thirdparty\spdlog\async_logger.h">
      <Filter>Header Files</Filter>
    </ClInclude>
    <ClInclude Include="source\thirdparty\spdlog\common.h">
      <Filter>Header Files</Filter>
    </ClInclude>
    <ClInclude Include="source\thirdparty\spdlog\formatter.h">
      <Filter>Header Files</Filter>
    </ClInclude>
    <ClInclude Include="source\thirdparty\spdlog\logger.h">
      <Filter>Header Files</Filter>
    </ClInclude>
    <ClInclude Include="source\thirdparty\spdlog\spdlog.h">
      <Filter>Header Files</Filter>
    </ClInclude>
    <ClInclude Include="source\thirdparty\spdlog\tweakme.h">
      <Filter>Header Files</Filter>
    </ClInclude>
    <ClInclude Include="source\thirdparty\SerialPort\SerialPort.h">
      <Filter>Header Files</Filter>
    </ClInclude>
    <ClInclude Include="source\core\scheduler.hpp">
      <Filter>Header Files</Filter>
    </ClInclude>
    <ClInclude Include="source\drone\gamepad.hpp">
      <Filter>Header Files</Filter>
    </ClInclude>
    <ClInclude Include="source\drone\serial.hpp">
      <Filter>Header Files</Filter>
    </ClInclude>
    <ClInclude Include="source\drone\drone.hpp">
      <Filter>Header Files</Filter>
    </ClInclude>
    <ClInclude Include="source\core\helpers.hpp">
      <Filter>Header Files</Filter>
    </ClInclude>
  </ItemGroup>
</Project>